// !$*UTF8*$!
{
	archiveVersion = 1;
	classes = {
	};
	objectVersion = 50;
	objects = {

/* Begin PBXBuildFile section */
		B0EE4683250C93C400754B10 /* AppDelegate.swift in Sources */ = {isa = PBXBuildFile; fileRef = B0EE4682250C93C400754B10 /* AppDelegate.swift */; };
		B0EE4685250C93C400754B10 /* SceneDelegate.swift in Sources */ = {isa = PBXBuildFile; fileRef = B0EE4684250C93C400754B10 /* SceneDelegate.swift */; };
		B0EE4687250C93C400754B10 /* ViewController.swift in Sources */ = {isa = PBXBuildFile; fileRef = B0EE4686250C93C400754B10 /* ViewController.swift */; };
		B0EE468A250C93C400754B10 /* Main.storyboard in Resources */ = {isa = PBXBuildFile; fileRef = B0EE4688250C93C400754B10 /* Main.storyboard */; };
		B0EE468C250C93C600754B10 /* Assets.xcassets in Resources */ = {isa = PBXBuildFile; fileRef = B0EE468B250C93C600754B10 /* Assets.xcassets */; };
		B0EE468F250C93C600754B10 /* LaunchScreen.storyboard in Resources */ = {isa = PBXBuildFile; fileRef = B0EE468D250C93C600754B10 /* LaunchScreen.storyboard */; };
		B0EE469A250C93C600754B10 /* Project1Tests.swift in Sources */ = {isa = PBXBuildFile; fileRef = B0EE4699250C93C600754B10 /* Project1Tests.swift */; };
		B0EE46A5250C93C600754B10 /* Project1UITests.swift in Sources */ = {isa = PBXBuildFile; fileRef = B0EE46A4250C93C600754B10 /* Project1UITests.swift */; };
/* End PBXBuildFile section */

/* Begin PBXContainerItemProxy section */
		B0EE4696250C93C600754B10 /* PBXContainerItemProxy */ = {
			isa = PBXContainerItemProxy;
			containerPortal = B0EE4677250C93C400754B10 /* Project object */;
			proxyType = 1;
			remoteGlobalIDString = B0EE467E250C93C400754B10;
			remoteInfo = Project1;
		};
		B0EE46A1250C93C600754B10 /* PBXContainerItemProxy */ = {
			isa = PBXContainerItemProxy;
			containerPortal = B0EE4677250C93C400754B10 /* Project object */;
			proxyType = 1;
			remoteGlobalIDString = B0EE467E250C93C400754B10;
			remoteInfo = Project1;
		};
/* End PBXContainerItemProxy section */

/* Begin PBXFileReference section */
		B0EE467F250C93C400754B10 /* Project1.app */ = {isa = PBXFileReference; explicitFileType = wrapper.application; includeInIndex = 0; path = Project1.app; sourceTree = BUILT_PRODUCTS_DIR; };
		B0EE4682250C93C400754B10 /* AppDelegate.swift */ = {isa = PBXFileReference; lastKnownFileType = sourcecode.swift; path = AppDelegate.swift; sourceTree = "<group>"; };
		B0EE4684250C93C400754B10 /* SceneDelegate.swift */ = {isa = PBXFileReference; lastKnownFileType = sourcecode.swift; path = SceneDelegate.swift; sourceTree = "<group>"; };
		B0EE4686250C93C400754B10 /* ViewController.swift */ = {isa = PBXFileReference; lastKnownFileType = sourcecode.swift; path = ViewController.swift; sourceTree = "<group>"; };
		B0EE4689250C93C400754B10 /* Base */ = {isa = PBXFileReference; lastKnownFileType = file.storyboard; name = Base; path = Base.lproj/Main.storyboard; sourceTree = "<group>"; };
		B0EE468B250C93C600754B10 /* Assets.xcassets */ = {isa = PBXFileReference; lastKnownFileType = folder.assetcatalog; path = Assets.xcassets; sourceTree = "<group>"; };
		B0EE468E250C93C600754B10 /* Base */ = {isa = PBXFileReference; lastKnownFileType = file.storyboard; name = Base; path = Base.lproj/LaunchScreen.storyboard; sourceTree = "<group>"; };
		B0EE4690250C93C600754B10 /* Info.plist */ = {isa = PBXFileReference; lastKnownFileType = text.plist.xml; path = Info.plist; sourceTree = "<group>"; };
		B0EE4695250C93C600754B10 /* Project1Tests.xctest */ = {isa = PBXFileReference; explicitFileType = wrapper.cfbundle; includeInIndex = 0; path = Project1Tests.xctest; sourceTree = BUILT_PRODUCTS_DIR; };
		B0EE4699250C93C600754B10 /* Project1Tests.swift */ = {isa = PBXFileReference; lastKnownFileType = sourcecode.swift; path = Project1Tests.swift; sourceTree = "<group>"; };
		B0EE469B250C93C600754B10 /* Info.plist */ = {isa = PBXFileReference; lastKnownFileType = text.plist.xml; path = Info.plist; sourceTree = "<group>"; };
		B0EE46A0250C93C600754B10 /* Project1UITests.xctest */ = {isa = PBXFileReference; explicitFileType = wrapper.cfbundle; includeInIndex = 0; path = Project1UITests.xctest; sourceTree = BUILT_PRODUCTS_DIR; };
		B0EE46A4250C93C600754B10 /* Project1UITests.swift */ = {isa = PBXFileReference; lastKnownFileType = sourcecode.swift; path = Project1UITests.swift; sourceTree = "<group>"; };
		B0EE46A6250C93C600754B10 /* Info.plist */ = {isa = PBXFileReference; lastKnownFileType = text.plist.xml; path = Info.plist; sourceTree = "<group>"; };
/* End PBXFileReference section */

/* Begin PBXFrameworksBuildPhase section */
		B0EE467C250C93C400754B10 /* Frameworks */ = {
			isa = PBXFrameworksBuildPhase;
			buildActionMask = 2147483647;
			files = (
			);
			runOnlyForDeploymentPostprocessing = 0;
		};
		B0EE4692250C93C600754B10 /* Frameworks */ = {
			isa = PBXFrameworksBuildPhase;
			buildActionMask = 2147483647;
			files = (
			);
			runOnlyForDeploymentPostprocessing = 0;
		};
		B0EE469D250C93C600754B10 /* Frameworks */ = {
			isa = PBXFrameworksBuildPhase;
			buildActionMask = 2147483647;
			files = (
			);
			runOnlyForDeploymentPostprocessing = 0;
		};
/* End PBXFrameworksBuildPhase section */

/* Begin PBXGroup section */
		B0EE4676250C93C400754B10 = {
			isa = PBXGroup;
			children = (
				B0EE4681250C93C400754B10 /* Project1 */,
				B0EE4698250C93C600754B10 /* Project1Tests */,
				B0EE46A3250C93C600754B10 /* Project1UITests */,
				B0EE4680250C93C400754B10 /* Products */,
			);
			sourceTree = "<group>";
		};
		B0EE4680250C93C400754B10 /* Products */ = {
			isa = PBXGroup;
			children = (
				B0EE467F250C93C400754B10 /* Project1.app */,
				B0EE4695250C93C600754B10 /* Project1Tests.xctest */,
				B0EE46A0250C93C600754B10 /* Project1UITests.xctest */,
			);
			name = Products;
			sourceTree = "<group>";
		};
		B0EE4681250C93C400754B10 /* Project1 */ = {
			isa = PBXGroup;
			children = (
				B0EE4682250C93C400754B10 /* AppDelegate.swift */,
				B0EE4684250C93C400754B10 /* SceneDelegate.swift */,
				B0EE4686250C93C400754B10 /* ViewController.swift */,
				B0EE4688250C93C400754B10 /* Main.storyboard */,
				B0EE468B250C93C600754B10 /* Assets.xcassets */,
				B0EE468D250C93C600754B10 /* LaunchScreen.storyboard */,
				B0EE4690250C93C600754B10 /* Info.plist */,
			);
			path = Project1;
			sourceTree = "<group>";
		};
		B0EE4698250C93C600754B10 /* Project1Tests */ = {
			isa = PBXGroup;
			children = (
				B0EE4699250C93C600754B10 /* Project1Tests.swift */,
				B0EE469B250C93C600754B10 /* Info.plist */,
			);
			path = Project1Tests;
			sourceTree = "<group>";
		};
		B0EE46A3250C93C600754B10 /* Project1UITests */ = {
			isa = PBXGroup;
			children = (
				B0EE46A4250C93C600754B10 /* Project1UITests.swift */,
				B0EE46A6250C93C600754B10 /* Info.plist */,
			);
			path = Project1UITests;
			sourceTree = "<group>";
		};
/* End PBXGroup section */

/* Begin PBXNativeTarget section */
		B0EE467E250C93C400754B10 /* Project1 */ = {
			isa = PBXNativeTarget;
			buildConfigurationList = B0EE46A9250C93C600754B10 /* Build configuration list for PBXNativeTarget "Project1" */;
			buildPhases = (
				B0EE467B250C93C400754B10 /* Sources */,
				B0EE467C250C93C400754B10 /* Frameworks */,
				B0EE467D250C93C400754B10 /* Resources */,
			);
			buildRules = (
			);
			dependencies = (
			);
			name = Project1;
			productName = Project1;
			productReference = B0EE467F250C93C400754B10 /* Project1.app */;
			productType = "com.apple.product-type.application";
		};
		B0EE4694250C93C600754B10 /* Project1Tests */ = {
			isa = PBXNativeTarget;
			buildConfigurationList = B0EE46AC250C93C600754B10 /* Build configuration list for PBXNativeTarget "Project1Tests" */;
			buildPhases = (
				B0EE4691250C93C600754B10 /* Sources */,
				B0EE4692250C93C600754B10 /* Frameworks */,
				B0EE4693250C93C600754B10 /* Resources */,
			);
			buildRules = (
			);
			dependencies = (
				B0EE4697250C93C600754B10 /* PBXTargetDependency */,
			);
			name = Project1Tests;
			productName = Project1Tests;
			productReference = B0EE4695250C93C600754B10 /* Project1Tests.xctest */;
			productType = "com.apple.product-type.bundle.unit-test";
		};
		B0EE469F250C93C600754B10 /* Project1UITests */ = {
			isa = PBXNativeTarget;
			buildConfigurationList = B0EE46AF250C93C600754B10 /* Build configuration list for PBXNativeTarget "Project1UITests" */;
			buildPhases = (
				B0EE469C250C93C600754B10 /* Sources */,
				B0EE469D250C93C600754B10 /* Frameworks */,
				B0EE469E250C93C600754B10 /* Resources */,
			);
			buildRules = (
			);
			dependencies = (
				B0EE46A2250C93C600754B10 /* PBXTargetDependency */,
			);
			name = Project1UITests;
			productName = Project1UITests;
			productReference = B0EE46A0250C93C600754B10 /* Project1UITests.xctest */;
			productType = "com.apple.product-type.bundle.ui-testing";
		};
/* End PBXNativeTarget section */

/* Begin PBXProject section */
		B0EE4677250C93C400754B10 /* Project object */ = {
			isa = PBXProject;
			attributes = {
				LastSwiftUpdateCheck = 1200;
				LastUpgradeCheck = 1200;
				TargetAttributes = {
					B0EE467E250C93C400754B10 = {
						CreatedOnToolsVersion = 12.0;
					};
					B0EE4694250C93C600754B10 = {
						CreatedOnToolsVersion = 12.0;
						TestTargetID = B0EE467E250C93C400754B10;
					};
					B0EE469F250C93C600754B10 = {
						CreatedOnToolsVersion = 12.0;
						TestTargetID = B0EE467E250C93C400754B10;
					};
				};
			};
			buildConfigurationList = B0EE467A250C93C400754B10 /* Build configuration list for PBXProject "Project1" */;
			compatibilityVersion = "Xcode 9.3";
			developmentRegion = en;
			hasScannedForEncodings = 0;
			knownRegions = (
				en,
				Base,
			);
			mainGroup = B0EE4676250C93C400754B10;
			productRefGroup = B0EE4680250C93C400754B10 /* Products */;
			projectDirPath = "";
			projectRoot = "";
			targets = (
				B0EE467E250C93C400754B10 /* Project1 */,
				B0EE4694250C93C600754B10 /* Project1Tests */,
				B0EE469F250C93C600754B10 /* Project1UITests */,
			);
		};
/* End PBXProject section */

/* Begin PBXResourcesBuildPhase section */
		B0EE467D250C93C400754B10 /* Resources */ = {
			isa = PBXResourcesBuildPhase;
			buildActionMask = 2147483647;
			files = (
				B0EE468F250C93C600754B10 /* LaunchScreen.storyboard in Resources */,
				B0EE468C250C93C600754B10 /* Assets.xcassets in Resources */,
				B0EE468A250C93C400754B10 /* Main.storyboard in Resources */,
			);
			runOnlyForDeploymentPostprocessing = 0;
		};
		B0EE4693250C93C600754B10 /* Resources */ = {
			isa = PBXResourcesBuildPhase;
			buildActionMask = 2147483647;
			files = (
			);
			runOnlyForDeploymentPostprocessing = 0;
		};
		B0EE469E250C93C600754B10 /* Resources */ = {
			isa = PBXResourcesBuildPhase;
			buildActionMask = 2147483647;
			files = (
			);
			runOnlyForDeploymentPostprocessing = 0;
		};
/* End PBXResourcesBuildPhase section */

/* Begin PBXSourcesBuildPhase section */
		B0EE467B250C93C400754B10 /* Sources */ = {
			isa = PBXSourcesBuildPhase;
			buildActionMask = 2147483647;
			files = (
				B0EE4687250C93C400754B10 /* ViewController.swift in Sources */,
				B0EE4683250C93C400754B10 /* AppDelegate.swift in Sources */,
				B0EE4685250C93C400754B10 /* SceneDelegate.swift in Sources */,
			);
			runOnlyForDeploymentPostprocessing = 0;
		};
		B0EE4691250C93C600754B10 /* Sources */ = {
			isa = PBXSourcesBuildPhase;
			buildActionMask = 2147483647;
			files = (
				B0EE469A250C93C600754B10 /* Project1Tests.swift in Sources */,
			);
			runOnlyForDeploymentPostprocessing = 0;
		};
		B0EE469C250C93C600754B10 /* Sources */ = {
			isa = PBXSourcesBuildPhase;
			buildActionMask = 2147483647;
			files = (
				B0EE46A5250C93C600754B10 /* Project1UITests.swift in Sources */,
			);
			runOnlyForDeploymentPostprocessing = 0;
		};
/* End PBXSourcesBuildPhase section */

/* Begin PBXTargetDependency section */
		B0EE4697250C93C600754B10 /* PBXTargetDependency */ = {
			isa = PBXTargetDependency;
			target = B0EE467E250C93C400754B10 /* Project1 */;
			targetProxy = B0EE4696250C93C600754B10 /* PBXContainerItemProxy */;
		};
		B0EE46A2250C93C600754B10 /* PBXTargetDependency */ = {
			isa = PBXTargetDependency;
			target = B0EE467E250C93C400754B10 /* Project1 */;
			targetProxy = B0EE46A1250C93C600754B10 /* PBXContainerItemProxy */;
		};
/* End PBXTargetDependency section */

/* Begin PBXVariantGroup section */
		B0EE4688250C93C400754B10 /* Main.storyboard */ = {
			isa = PBXVariantGroup;
			children = (
				B0EE4689250C93C400754B10 /* Base */,
			);
			name = Main.storyboard;
			sourceTree = "<group>";
		};
		B0EE468D250C93C600754B10 /* LaunchScreen.storyboard */ = {
			isa = PBXVariantGroup;
			children = (
				B0EE468E250C93C600754B10 /* Base */,
			);
			name = LaunchScreen.storyboard;
			sourceTree = "<group>";
		};
/* End PBXVariantGroup section */

/* Begin XCBuildConfiguration section */
		B0EE46A7250C93C600754B10 /* Debug */ = {
			isa = XCBuildConfiguration;
			buildSettings = {
				ALWAYS_SEARCH_USER_PATHS = NO;
				CLANG_ANALYZER_NONNULL = YES;
				CLANG_ANALYZER_NUMBER_OBJECT_CONVERSION = YES_AGGRESSIVE;
				CLANG_CXX_LANGUAGE_STANDARD = "gnu++14";
				CLANG_CXX_LIBRARY = "libc++";
				CLANG_ENABLE_MODULES = YES;
				CLANG_ENABLE_OBJC_ARC = YES;
				CLANG_ENABLE_OBJC_WEAK = YES;
				CLANG_WARN_BLOCK_CAPTURE_AUTORELEASING = YES;
				CLANG_WARN_BOOL_CONVERSION = YES;
				CLANG_WARN_COMMA = YES;
				CLANG_WARN_CONSTANT_CONVERSION = YES;
				CLANG_WARN_DEPRECATED_OBJC_IMPLEMENTATIONS = YES;
				CLANG_WARN_DIRECT_OBJC_ISA_USAGE = YES_ERROR;
				CLANG_WARN_DOCUMENTATION_COMMENTS = YES;
				CLANG_WARN_EMPTY_BODY = YES;
				CLANG_WARN_ENUM_CONVERSION = YES;
				CLANG_WARN_INFINITE_RECURSION = YES;
				CLANG_WARN_INT_CONVERSION = YES;
				CLANG_WARN_NON_LITERAL_NULL_CONVERSION = YES;
				CLANG_WARN_OBJC_IMPLICIT_RETAIN_SELF = YES;
				CLANG_WARN_OBJC_LITERAL_CONVERSION = YES;
				CLANG_WARN_OBJC_ROOT_CLASS = YES_ERROR;
				CLANG_WARN_QUOTED_INCLUDE_IN_FRAMEWORK_HEADER = YES;
				CLANG_WARN_RANGE_LOOP_ANALYSIS = YES;
				CLANG_WARN_STRICT_PROTOTYPES = YES;
				CLANG_WARN_SUSPICIOUS_MOVE = YES;
				CLANG_WARN_UNGUARDED_AVAILABILITY = YES_AGGRESSIVE;
				CLANG_WARN_UNREACHABLE_CODE = YES;
				CLANG_WARN__DUPLICATE_METHOD_MATCH = YES;
				COPY_PHASE_STRIP = NO;
				DEBUG_INFORMATION_FORMAT = dwarf;
				ENABLE_STRICT_OBJC_MSGSEND = YES;
				ENABLE_TESTABILITY = YES;
				GCC_C_LANGUAGE_STANDARD = gnu11;
				GCC_DYNAMIC_NO_PIC = NO;
				GCC_NO_COMMON_BLOCKS = YES;
				GCC_OPTIMIZATION_LEVEL = 0;
				GCC_PREPROCESSOR_DEFINITIONS = (
					"DEBUG=1",
					"$(inherited)",
				);
				GCC_WARN_64_TO_32_BIT_CONVERSION = YES;
				GCC_WARN_ABOUT_RETURN_TYPE = YES_ERROR;
				GCC_WARN_UNDECLARED_SELECTOR = YES;
				GCC_WARN_UNINITIALIZED_AUTOS = YES_AGGRESSIVE;
				GCC_WARN_UNUSED_FUNCTION = YES;
				GCC_WARN_UNUSED_VARIABLE = YES;
				IPHONEOS_DEPLOYMENT_TARGET = 14.0;
				MTL_ENABLE_DEBUG_INFO = INCLUDE_SOURCE;
				MTL_FAST_MATH = YES;
				ONLY_ACTIVE_ARCH = YES;
				SDKROOT = iphoneos;
				SWIFT_ACTIVE_COMPILATION_CONDITIONS = DEBUG;
				SWIFT_OPTIMIZATION_LEVEL = "-Onone";
			};
			name = Debug;
		};
		B0EE46A8250C93C600754B10 /* Release */ = {
			isa = XCBuildConfiguration;
			buildSettings = {
				ALWAYS_SEARCH_USER_PATHS = NO;
				CLANG_ANALYZER_NONNULL = YES;
				CLANG_ANALYZER_NUMBER_OBJECT_CONVERSION = YES_AGGRESSIVE;
				CLANG_CXX_LANGUAGE_STANDARD = "gnu++14";
				CLANG_CXX_LIBRARY = "libc++";
				CLANG_ENABLE_MODULES = YES;
				CLANG_ENABLE_OBJC_ARC = YES;
				CLANG_ENABLE_OBJC_WEAK = YES;
				CLANG_WARN_BLOCK_CAPTURE_AUTORELEASING = YES;
				CLANG_WARN_BOOL_CONVERSION = YES;
				CLANG_WARN_COMMA = YES;
				CLANG_WARN_CONSTANT_CONVERSION = YES;
				CLANG_WARN_DEPRECATED_OBJC_IMPLEMENTATIONS = YES;
				CLANG_WARN_DIRECT_OBJC_ISA_USAGE = YES_ERROR;
				CLANG_WARN_DOCUMENTATION_COMMENTS = YES;
				CLANG_WARN_EMPTY_BODY = YES;
				CLANG_WARN_ENUM_CONVERSION = YES;
				CLANG_WARN_INFINITE_RECURSION = YES;
				CLANG_WARN_INT_CONVERSION = YES;
				CLANG_WARN_NON_LITERAL_NULL_CONVERSION = YES;
				CLANG_WARN_OBJC_IMPLICIT_RETAIN_SELF = YES;
				CLANG_WARN_OBJC_LITERAL_CONVERSION = YES;
				CLANG_WARN_OBJC_ROOT_CLASS = YES_ERROR;
				CLANG_WARN_QUOTED_INCLUDE_IN_FRAMEWORK_HEADER = YES;
				CLANG_WARN_RANGE_LOOP_ANALYSIS = YES;
				CLANG_WARN_STRICT_PROTOTYPES = YES;
				CLANG_WARN_SUSPICIOUS_MOVE = YES;
				CLANG_WARN_UNGUARDED_AVAILABILITY = YES_AGGRESSIVE;
				CLANG_WARN_UNREACHABLE_CODE = YES;
				CLANG_WARN__DUPLICATE_METHOD_MATCH = YES;
				COPY_PHASE_STRIP = NO;
				DEBUG_INFORMATION_FORMAT = "dwarf-with-dsym";
				ENABLE_NS_ASSERTIONS = NO;
				ENABLE_STRICT_OBJC_MSGSEND = YES;
				GCC_C_LANGUAGE_STANDARD = gnu11;
				GCC_NO_COMMON_BLOCKS = YES;
				GCC_WARN_64_TO_32_BIT_CONVERSION = YES;
				GCC_WARN_ABOUT_RETURN_TYPE = YES_ERROR;
				GCC_WARN_UNDECLARED_SELECTOR = YES;
				GCC_WARN_UNINITIALIZED_AUTOS = YES_AGGRESSIVE;
				GCC_WARN_UNUSED_FUNCTION = YES;
				GCC_WARN_UNUSED_VARIABLE = YES;
				IPHONEOS_DEPLOYMENT_TARGET = 14.0;
				MTL_ENABLE_DEBUG_INFO = NO;
				MTL_FAST_MATH = YES;
				SDKROOT = iphoneos;
				SWIFT_COMPILATION_MODE = wholemodule;
				SWIFT_OPTIMIZATION_LEVEL = "-O";
				VALIDATE_PRODUCT = YES;
			};
			name = Release;
		};
		B0EE46AA250C93C600754B10 /* Debug */ = {
			isa = XCBuildConfiguration;
			buildSettings = {
				ASSETCATALOG_COMPILER_APPICON_NAME = AppIcon;
				ASSETCATALOG_COMPILER_GLOBAL_ACCENT_COLOR_NAME = AccentColor;
				CODE_SIGN_STYLE = Automatic;
				DEVELOPMENT_TEAM = JNK47KAD8Q;
				INFOPLIST_FILE = Project1/Info.plist;
				LD_RUNPATH_SEARCH_PATHS = (
					"$(inherited)",
					"@executable_path/Frameworks",
				);
				PRODUCT_BUNDLE_IDENTIFIER = edu.umsl.Project1;
				PRODUCT_NAME = "$(TARGET_NAME)";
				SWIFT_VERSION = 5.0;
				TARGETED_DEVICE_FAMILY = "1,2";
			};
			name = Debug;
		};
		B0EE46AB250C93C600754B10 /* Release */ = {
			isa = XCBuildConfiguration;
			buildSettings = {
				ASSETCATALOG_COMPILER_APPICON_NAME = AppIcon;
				ASSETCATALOG_COMPILER_GLOBAL_ACCENT_COLOR_NAME = AccentColor;
				CODE_SIGN_STYLE = Automatic;
				DEVELOPMENT_TEAM = JNK47KAD8Q;
				INFOPLIST_FILE = Project1/Info.plist;
				LD_RUNPATH_SEARCH_PATHS = (
					"$(inherited)",
					"@executable_path/Frameworks",
				);
				PRODUCT_BUNDLE_IDENTIFIER = edu.umsl.Project1;
				PRODUCT_NAME = "$(TARGET_NAME)";
				SWIFT_VERSION = 5.0;
				TARGETED_DEVICE_FAMILY = "1,2";
			};
			name = Release;
		};
		B0EE46AD250C93C600754B10 /* Debug */ = {
			isa = XCBuildConfiguration;
			buildSettings = {
				ALWAYS_EMBED_SWIFT_STANDARD_LIBRARIES = YES;
				BUNDLE_LOADER = "$(TEST_HOST)";
				CODE_SIGN_STYLE = Automatic;
				DEVELOPMENT_TEAM = JNK47KAD8Q;
				INFOPLIST_FILE = Project1Tests/Info.plist;
				IPHONEOS_DEPLOYMENT_TARGET = 14.0;
				LD_RUNPATH_SEARCH_PATHS = (
					"$(inherited)",
					"@executable_path/Frameworks",
					"@loader_path/Frameworks",
				);
				PRODUCT_BUNDLE_IDENTIFIER = edu.umsl.Project1Tests;
				PRODUCT_NAME = "$(TARGET_NAME)";
				SWIFT_VERSION = 5.0;
				TARGETED_DEVICE_FAMILY = "1,2";
				TEST_HOST = "$(BUILT_PRODUCTS_DIR)/Project1.app/Project1";
			};
			name = Debug;
		};
		B0EE46AE250C93C600754B10 /* Release */ = {
			isa = XCBuildConfiguration;
			buildSettings = {
				ALWAYS_EMBED_SWIFT_STANDARD_LIBRARIES = YES;
				BUNDLE_LOADER = "$(TEST_HOST)";
				CODE_SIGN_STYLE = Automatic;
				DEVELOPMENT_TEAM = JNK47KAD8Q;
				INFOPLIST_FILE = Project1Tests/Info.plist;
				IPHONEOS_DEPLOYMENT_TARGET = 14.0;
				LD_RUNPATH_SEARCH_PATHS = (
					"$(inherited)",
					"@executable_path/Frameworks",
					"@loader_path/Frameworks",
				);
				PRODUCT_BUNDLE_IDENTIFIER = edu.umsl.Project1Tests;
				PRODUCT_NAME = "$(TARGET_NAME)";
				SWIFT_VERSION = 5.0;
				TARGETED_DEVICE_FAMILY = "1,2";
				TEST_HOST = "$(BUILT_PRODUCTS_DIR)/Project1.app/Project1";
			};
			name = Release;
		};
		B0EE46B0250C93C600754B10 /* Debug */ = {
			isa = XCBuildConfiguration;
			buildSettings = {
				ALWAYS_EMBED_SWIFT_STANDARD_LIBRARIES = YES;
				CODE_SIGN_STYLE = Automatic;
				DEVELOPMENT_TEAM = JNK47KAD8Q;
				INFOPLIST_FILE = Project1UITests/Info.plist;
				LD_RUNPATH_SEARCH_PATHS = (
					"$(inherited)",
					"@executable_path/Frameworks",
					"@loader_path/Frameworks",
				);
				PRODUCT_BUNDLE_IDENTIFIER = edu.umsl.Project1UITests;
				PRODUCT_NAME = "$(TARGET_NAME)";
				SWIFT_VERSION = 5.0;
				TARGETED_DEVICE_FAMILY = "1,2";
				TEST_TARGET_NAME = Project1;
			};
			name = Debug;
		};
		B0EE46B1250C93C600754B10 /* Release */ = {
			isa = XCBuildConfiguration;
			buildSettings = {
				ALWAYS_EMBED_SWIFT_STANDARD_LIBRARIES = YES;
				CODE_SIGN_STYLE = Automatic;
				DEVELOPMENT_TEAM = JNK47KAD8Q;
				INFOPLIST_FILE = Project1UITests/Info.plist;
				LD_RUNPATH_SEARCH_PATHS = (
					"$(inherited)",
					"@executable_path/Frameworks",
					"@loader_path/Frameworks",
				);
				PRODUCT_BUNDLE_IDENTIFIER = edu.umsl.Project1UITests;
				PRODUCT_NAME = "$(TARGET_NAME)";
				SWIFT_VERSION = 5.0;
				TARGETED_DEVICE_FAMILY = "1,2";
				TEST_TARGET_NAME = Project1;
			};
			name = Release;
		};
/* End XCBuildConfiguration section */

/* Begin XCConfigurationList section */
		B0EE467A250C93C400754B10 /* Build configuration list for PBXProject "Project1" */ = {
			isa = XCConfigurationList;
			buildConfigurations = (
				B0EE46A7250C93C600754B10 /* Debug */,
				B0EE46A8250C93C600754B10 /* Release */,
			);
			defaultConfigurationIsVisible = 0;
			defaultConfigurationName = Release;
		};
		B0EE46A9250C93C600754B10 /* Build configuration list for PBXNativeTarget "Project1" */ = {
			isa = XCConfigurationList;
			buildConfigurations = (
				B0EE46AA250C93C600754B10 /* Debug */,
				B0EE46AB250C93C600754B10 /* Release */,
			);
			defaultConfigurationIsVisible = 0;
			defaultConfigurationName = Release;
		};
		B0EE46AC250C93C600754B10 /* Build configuration list for PBXNativeTarget "Project1Tests" */ = {
			isa = XCConfigurationList;
			buildConfigurations = (
				B0EE46AD250C93C600754B10 /* Debug */,
				B0EE46AE250C93C600754B10 /* Release */,
			);
			defaultConfigurationIsVisible = 0;
			defaultConfigurationName = Release;
		};
		B0EE46AF250C93C600754B10 /* Build configuration list for PBXNativeTarget "Project1UITests" */ = {
			isa = XCConfigurationList;
			buildConfigurations = (
				B0EE46B0250C93C600754B10 /* Debug */,
				B0EE46B1250C93C600754B10 /* Release */,
			);
			defaultConfigurationIsVisible = 0;
			defaultConfigurationName = Release;
		};
/* End XCConfigurationList section */
	};
	rootObject = B0EE4677250C93C400754B10 /* Project object */;
}
